{
  "version": "4",
  "specifiers": {
    "jsr:@std/assert@0.223": "0.223.0",
    "jsr:@std/assert@1": "1.0.9",
    "jsr:@std/bytes@0.223": "0.223.0",
    "jsr:@std/internal@^1.0.5": "1.0.5",
    "jsr:@std/io@0.223.0": "0.223.0",
    "jsr:@xtool/smtp@0.1": "0.1.0",
    "npm:nodemailer@*": "6.9.16"
  },
  "jsr": {
    "@std/assert@0.223.0": {
      "integrity": "eb8d6d879d76e1cc431205bd346ed4d88dc051c6366365b1af47034b0670be24"
    },
    "@std/assert@1.0.9": {
      "integrity": "a9f0c611a869cc791b26f523eec54c7e187aab7932c2c8e8bea0622d13680dcd",
      "dependencies": [
        "jsr:@std/internal"
      ]
    },
    "@std/bytes@0.223.0": {
      "integrity": "84b75052cd8680942c397c2631318772b295019098f40aac5c36cead4cba51a8"
    },
    "@std/internal@1.0.5": {
      "integrity": "54a546004f769c1ac9e025abd15a76b6671ddc9687e2313b67376125650dc7ba"
    },
    "@std/io@0.223.0": {
      "integrity": "2d8c3c2ab3a515619b90da2c6ff5ea7b75a94383259ef4d02116b228393f84f1",
      "dependencies": [
        "jsr:@std/assert@0.223",
        "jsr:@std/bytes"
      ]
    },
    "@xtool/smtp@0.1.0": {
      "integrity": "c80c1c9e967818ec0fed6297119bdbc9e4d89d9da789c718d930146bc99a0141",
      "dependencies": [
        "jsr:@std/io"
      ]
    }
  },
  "npm": {
    "nodemailer@6.9.16": {
      "integrity": "sha512-psAuZdTIRN08HKVd/E8ObdV6NO7NTBY3KsC30F7M4H1OnmLCUNaS56FpYxyb26zWLSyYF9Ozch9KYHhHegsiOQ=="
    }
  },
  "redirects": {
    "https://deno.land/x/denomailer/mod.ts": "https://deno.land/x/denomailer@1.6.0/mod.ts"
  },
  "remote": {
    "https://deno.land/std@0.173.0/encoding/base64.ts": "7de04c2f8aeeb41453b09b186480be90f2ff357613b988e99fabb91d2eeceba1",
    "https://deno.land/x/denomailer@1.6.0/client/basic/QUE.ts": "5af1dfcc5814bf4542f098908ac1fdd8a1a1c2b1597138a121c95eaa791315d0",
    "https://deno.land/x/denomailer@1.6.0/client/basic/client.ts": "462e4db45ae218647812ceae720d55ea33e0e928f9138fee9da5913cbb1e20f9",
    "https://deno.land/x/denomailer@1.6.0/client/basic/connection.ts": "68de68d7551d8303629905c2b7581cb09b45646e530ce93a5786ca1aba61055c",
    "https://deno.land/x/denomailer@1.6.0/client/basic/transforms.ts": "e630a23d24e9b397e231ae8796c0a0080770ac6f5ab9bffc105d3717706e62c9",
    "https://deno.land/x/denomailer@1.6.0/client/mod.ts": "8ec4c25d9586f83f8629768311a077eaf03b1490dcb872030ba2e27fadb674d8",
    "https://deno.land/x/denomailer@1.6.0/client/pool.ts": "0466e69ca8959aa85501cc6b30d7f5fd8e43b0a6ac88ecc60dab71081e801bae",
    "https://deno.land/x/denomailer@1.6.0/client/worker/worker.ts": "a4c3a3e2e1fde0967817ece7c345a565eb44a7312acf8d46ce620d4ff4443b31",
    "https://deno.land/x/denomailer@1.6.0/config/client.ts": "302f5c18fbb5531b5615613084b86d44120acc210e072f4135e431fa27fc4526",
    "https://deno.land/x/denomailer@1.6.0/config/mail/attachments.ts": "1f357bddc9d5e813c3f647498db81a165a1a8a7163116c58dc10cf01427fd81e",
    "https://deno.land/x/denomailer@1.6.0/config/mail/content.ts": "3925d4c3baaabed4e08933159d34b1450e6426b35a5bc323a0666780bef20192",
    "https://deno.land/x/denomailer@1.6.0/config/mail/email.ts": "bb0ca104bf9cb54af6613a04b3f8cb05290f4fb012e7113f1d050cab10226a7c",
    "https://deno.land/x/denomailer@1.6.0/config/mail/encoding.ts": "0bc5983ada3b902333925cdca225f8ea5e28fffbc2f1bd2b0ccb9a423f6f7fcc",
    "https://deno.land/x/denomailer@1.6.0/config/mail/headers.ts": "ce94874beb5a1a7248b5b91bf1ae3b3aed2d4c0541f3f448f2bbfad6c8f570ee",
    "https://deno.land/x/denomailer@1.6.0/config/mail/mod.ts": "a7fafa3386a45a585d7983d816b09ddc28b2f2b84097a614f1e38685b1f62868",
    "https://deno.land/x/denomailer@1.6.0/deps.ts": "12bef188bb2a490fedc82ac1889f3d438e8a15887c423b045fee532b31a43102",
    "https://deno.land/x/denomailer@1.6.0/mod.ts": "71a197dff098194ab53691abd3c9d22a276ef04e1382eb85f5632dbcb5a83bf3"
  },
  "workspace": {
    "dependencies": [
      "jsr:@std/assert@1",
      "jsr:@xtool/smtp@0.1"
    ]
  }
}
